
Microsoft Visual Studio Solution File, Format Version 12.00
# Visual Studio 2013
VisualStudioVersion = 12.0.21005.1
MinimumVisualStudioVersion = 10.0.40219.1
Project("{8BC9CEB8-8B4A-11D0-8D11-00A0C91BC942}") = "OpenGlGame1", "OpenGlGame1\OpenGlGame1.vcxproj", "{2BCE9565-8608-4FF9-B3F3-20CAEF5C7D7B}"
EndProject
Global
	GlobalSection(SolutionConfigurationPlatforms) = preSolution
		Debug|Win32 = Debug|Win32
		Release|Win32 = Release|Win32
	EndGlobalSection
	GlobalSection(ProjectConfigurationPlatforms) = postSolution
		{2BCE9565-8608-4FF9-B3F3-20CAEF5C7D7B}.Debug|Win32.ActiveCfg = Debug|Win32
		{2BCE9565-8608-4FF9-B3F3-20CAEF5C7D7B}.Debug|Win32.Build.0 = Debug|Win32
		{2BCE9565-8608-4FF9-B3F3-20CAEF5C7D7B}.Release|Win32.ActiveCfg = Release|Win32
		{2BCE9565-8608-4FF9-B3F3-20CAEF5C7D7B}.Release|Win32.Build.0 = Release|Win32
	EndGlobalSection
	GlobalSection(SolutionProperties) = preSolution
		HideSolutionNode = FALSE
	EndGlobalSection
EndGlobal
